// !$*UTF8*$!
{
	archiveVersion = 1;
	classes = {
	};
	objectVersion = 46;
	objects = {

/* Begin PBXBuildFile section */
		991E738119641AFD00B45F51 /* M_9_3_ViewController.m in Sources */ = {isa = PBXBuildFile; fileRef = 991E738019641AFD00B45F51 /* M_9_3_ViewController.m */; };
		991E739019642D3900B45F51 /* Localizable.strings in Resources */ = {isa = PBXBuildFile; fileRef = 991E739219642D3900B45F51 /* Localizable.strings */; };
		991E739719642F9D00B45F51 /* HelloTable.strings in Resources */ = {isa = PBXBuildFile; fileRef = 991E739919642F9D00B45F51 /* HelloTable.strings */; };
		991E739E1964F0FA00B45F51 /* M_9_2_ViewController.m in Sources */ = {isa = PBXBuildFile; fileRef = 991E739D1964F0FA00B45F51 /* M_9_2_ViewController.m */; };
		9924362C1962B04100D16C4B /* Foundation.framework in Frameworks */ = {isa = PBXBuildFile; fileRef = 9924362B1962B04100D16C4B /* Foundation.framework */; };
		9924362E1962B04100D16C4B /* CoreGraphics.framework in Frameworks */ = {isa = PBXBuildFile; fileRef = 9924362D1962B04100D16C4B /* CoreGraphics.framework */; };
		992436301962B04100D16C4B /* UIKit.framework in Frameworks */ = {isa = PBXBuildFile; fileRef = 9924362F1962B04100D16C4B /* UIKit.framework */; };
		992436361962B04100D16C4B /* InfoPlist.strings in Resources */ = {isa = PBXBuildFile; fileRef = 992436341962B04100D16C4B /* InfoPlist.strings */; };
		992436381962B04100D16C4B /* main.m in Sources */ = {isa = PBXBuildFile; fileRef = 992436371962B04100D16C4B /* main.m */; };
		9924363C1962B04100D16C4B /* AppDelegate.m in Sources */ = {isa = PBXBuildFile; fileRef = 9924363B1962B04100D16C4B /* AppDelegate.m */; };
		9924363E1962B04100D16C4B /* Images.xcassets in Resources */ = {isa = PBXBuildFile; fileRef = 9924363D1962B04100D16C4B /* Images.xcassets */; };
		9924365C1962B0EF00D16C4B /* RootViewController.m in Sources */ = {isa = PBXBuildFile; fileRef = 9924365B1962B0EF00D16C4B /* RootViewController.m */; };
		9924365F1962B1AD00D16C4B /* _tempViewController.m in Sources */ = {isa = PBXBuildFile; fileRef = 9924365E1962B1AD00D16C4B /* _tempViewController.m */; };
		992436631962B2D200D16C4B /* M_12_1_ViewController.m in Sources */ = {isa = PBXBuildFile; fileRef = 992436621962B2D200D16C4B /* M_12_1_ViewController.m */; };
		992627171967E4B60008B773 /* M_2_2_ViewController.m in Sources */ = {isa = PBXBuildFile; fileRef = 992627161967E4B60008B773 /* M_2_2_ViewController.m */; };
		9926271A1967E5280008B773 /* _MyDeprecatedAsynURLOperation.m in Sources */ = {isa = PBXBuildFile; fileRef = 992627191967E5280008B773 /* _MyDeprecatedAsynURLOperation.m */; };
		9926272D1967FF9A0008B773 /* Objcio22AsynURLOperation.m in Sources */ = {isa = PBXBuildFile; fileRef = 9926272C1967FF9A0008B773 /* Objcio22AsynURLOperation.m */; };
		9937BF34196CDBFB00F0B15D /* M_13_1_ViewController.m in Sources */ = {isa = PBXBuildFile; fileRef = 9937BF33196CDBFB00F0B15D /* M_13_1_ViewController.m */; };
		9937BF37196CDC1300F0B15D /* M_13_1View.m in Sources */ = {isa = PBXBuildFile; fileRef = 9937BF36196CDC1300F0B15D /* M_13_1View.m */; };
		9937BF3A196CDC3100F0B15D /* PersonModel.m in Sources */ = {isa = PBXBuildFile; fileRef = 9937BF39196CDC3100F0B15D /* PersonModel.m */; };
		9937BF3D196CDC3E00F0B15D /* PersonViewModel.m in Sources */ = {isa = PBXBuildFile; fileRef = 9937BF3C196CDC3E00F0B15D /* PersonViewModel.m */; };
		994C967C196BA12C00616C98 /* book_info.txt in Resources */ = {isa = PBXBuildFile; fileRef = 994C967B196BA12C00616C98 /* book_info.txt */; };
		994C96DB196BD04200616C98 /* NSAlert+MKNetworkKitAdditions.m in Sources */ = {isa = PBXBuildFile; fileRef = 994C96C6196BD04200616C98 /* NSAlert+MKNetworkKitAdditions.m */; };
		994C96DC196BD04200616C98 /* NSData+MKBase64.m in Sources */ = {isa = PBXBuildFile; fileRef = 994C96C8196BD04200616C98 /* NSData+MKBase64.m */; };
		994C96DD196BD04200616C98 /* NSDate+RFC1123.m in Sources */ = {isa = PBXBuildFile; fileRef = 994C96CA196BD04200616C98 /* NSDate+RFC1123.m */; };
		994C96DE196BD04200616C98 /* NSDictionary+RequestEncoding.m in Sources */ = {isa = PBXBuildFile; fileRef = 994C96CC196BD04200616C98 /* NSDictionary+RequestEncoding.m */; };
		994C96DF196BD04200616C98 /* NSString+MKNetworkKitAdditions.m in Sources */ = {isa = PBXBuildFile; fileRef = 994C96CE196BD04200616C98 /* NSString+MKNetworkKitAdditions.m */; };
		994C96E0196BD04200616C98 /* UIAlertView+MKNetworkKitAdditions.m in Sources */ = {isa = PBXBuildFile; fileRef = 994C96D0196BD04200616C98 /* UIAlertView+MKNetworkKitAdditions.m */; };
		994C96E1196BD04200616C98 /* UIImageView+MKNetworkKitAdditions.m in Sources */ = {isa = PBXBuildFile; fileRef = 994C96D2196BD04200616C98 /* UIImageView+MKNetworkKitAdditions.m */; };
		994C96E2196BD04200616C98 /* MKNetworkEngine.m in Sources */ = {isa = PBXBuildFile; fileRef = 994C96D4196BD04200616C98 /* MKNetworkEngine.m */; };
		994C96E3196BD04200616C98 /* MKNetworkOperation.m in Sources */ = {isa = PBXBuildFile; fileRef = 994C96D7196BD04200616C98 /* MKNetworkOperation.m */; };
		994C96E4196BD04200616C98 /* Reachability.m in Sources */ = {isa = PBXBuildFile; fileRef = 994C96DA196BD04200616C98 /* Reachability.m */; };
		994C96E6196BD08A00616C98 /* CFNetwork.framework in Frameworks */ = {isa = PBXBuildFile; fileRef = 994C96E5196BD08A00616C98 /* CFNetwork.framework */; };
		994C96E8196BD09700616C98 /* SystemConfiguration.framework in Frameworks */ = {isa = PBXBuildFile; fileRef = 994C96E7196BD09700616C98 /* SystemConfiguration.framework */; };
		994C96EA196BD09E00616C98 /* Security.framework in Frameworks */ = {isa = PBXBuildFile; fileRef = 994C96E9196BD09E00616C98 /* Security.framework */; };
		994C96EC196BD0A500616C98 /* ImageIO.framework in Frameworks */ = {isa = PBXBuildFile; fileRef = 994C96EB196BD0A500616C98 /* ImageIO.framework */; };
		994C96F1196BD11C00616C98 /* M7Engine.m in Sources */ = {isa = PBXBuildFile; fileRef = 994C96F0196BD11C00616C98 /* M7Engine.m */; };
		994C96F7196BD15B00616C98 /* M7JSONModel.m in Sources */ = {isa = PBXBuildFile; fileRef = 994C96F6196BD15B00616C98 /* M7JSONModel.m */; };
		994C96FA196BD19900616C98 /* M7Error.m in Sources */ = {isa = PBXBuildFile; fileRef = 994C96F9196BD19900616C98 /* M7Error.m */; };
		994C96FD196BD1B700616C98 /* Book14ViewController.m in Sources */ = {isa = PBXBuildFile; fileRef = 994C96FC196BD1B700616C98 /* Book14ViewController.m */; };
		994C9700196BD1E200616C98 /* MenuItem.m in Sources */ = {isa = PBXBuildFile; fileRef = 994C96FF196BD1E200616C98 /* MenuItem.m */; };
		994C9703196BD1EC00616C98 /* Review.m in Sources */ = {isa = PBXBuildFile; fileRef = 994C9702196BD1EC00616C98 /* Review.m */; };
		994C9724196BF3C000616C98 /* ErrorTable.strings in Resources */ = {isa = PBXBuildFile; fileRef = 994C9726196BF3C000616C98 /* ErrorTable.strings */; };
		99B62B39196647B6006FE61A /* M_1_4_ViewController.m in Sources */ = {isa = PBXBuildFile; fileRef = 99B62B38196647B6006FE61A /* M_1_4_ViewController.m */; };
		99B62B3C196647CC006FE61A /* M_1_4_Sub_ViewController.m in Sources */ = {isa = PBXBuildFile; fileRef = 99B62B3B196647CC006FE61A /* M_1_4_Sub_ViewController.m */; };
		99C05A48196E80BA0038564E /* M7AppCache.m in Sources */ = {isa = PBXBuildFile; fileRef = 99C05A45196E80BA0038564E /* M7AppCache.m */; };
		99C05A49196E80BA0038564E /* M7AppCachePlus.m in Sources */ = {isa = PBXBuildFile; fileRef = 99C05A47196E80BA0038564E /* M7AppCachePlus.m */; };
		99C05A4C196E80C70038564E /* M7CacheEngine.m in Sources */ = {isa = PBXBuildFile; fileRef = 99C05A4B196E80C70038564E /* M7CacheEngine.m */; };
		99C05A53196E80D10038564E /* CacheJSONModel.m in Sources */ = {isa = PBXBuildFile; fileRef = 99C05A4E196E80D10038564E /* CacheJSONModel.m */; };
		99C05A54196E80D10038564E /* CacheMenuItem.m in Sources */ = {isa = PBXBuildFile; fileRef = 99C05A50196E80D10038564E /* CacheMenuItem.m */; };
		99C05A55196E80D10038564E /* CacheReview.m in Sources */ = {isa = PBXBuildFile; fileRef = 99C05A52196E80D10038564E /* CacheReview.m */; };
		99C05A58196E80DA0038564E /* Book24ViewController.m in Sources */ = {isa = PBXBuildFile; fileRef = 99C05A57196E80DA0038564E /* Book24ViewController.m */; };
		99D29DA219697E74001E7DC1 /* M_7_1_ViewController.m in Sources */ = {isa = PBXBuildFile; fileRef = 99D29DA119697E74001E7DC1 /* M_7_1_ViewController.m */; };
/* End PBXBuildFile section */

/* Begin PBXFileReference section */
		991E737F19641AFD00B45F51 /* M_9_3_ViewController.h */ = {isa = PBXFileReference; fileEncoding = 4; lastKnownFileType = sourcecode.c.h; path = M_9_3_ViewController.h; sourceTree = "<group>"; };
		991E738019641AFD00B45F51 /* M_9_3_ViewController.m */ = {isa = PBXFileReference; fileEncoding = 4; lastKnownFileType = sourcecode.c.objc; path = M_9_3_ViewController.m; sourceTree = "<group>"; };
		991E738F19642CFD00B45F51 /* zh-Hans */ = {isa = PBXFileReference; lastKnownFileType = text.plist.strings; name = "zh-Hans"; path = "zh-Hans.lproj/InfoPlist.strings"; sourceTree = "<group>"; };
		991E739119642D3900B45F51 /* en */ = {isa = PBXFileReference; lastKnownFileType = text.plist.strings; name = en; path = en.lproj/Localizable.strings; sourceTree = "<group>"; };
		991E739419642D4A00B45F51 /* zh-Hans */ = {isa = PBXFileReference; lastKnownFileType = text.plist.strings; name = "zh-Hans"; path = "zh-Hans.lproj/Localizable.strings"; sourceTree = "<group>"; };
		991E739819642F9D00B45F51 /* en */ = {isa = PBXFileReference; lastKnownFileType = text.plist.strings; name = en; path = en.lproj/HelloTable.strings; sourceTree = "<group>"; };
		991E739A19642FA200B45F51 /* zh-Hans */ = {isa = PBXFileReference; lastKnownFileType = text.plist.strings; name = "zh-Hans"; path = "zh-Hans.lproj/HelloTable.strings"; sourceTree = "<group>"; };
		991E739C1964F0FA00B45F51 /* M_9_2_ViewController.h */ = {isa = PBXFileReference; fileEncoding = 4; lastKnownFileType = sourcecode.c.h; path = M_9_2_ViewController.h; sourceTree = "<group>"; };
		991E739D1964F0FA00B45F51 /* M_9_2_ViewController.m */ = {isa = PBXFileReference; fileEncoding = 4; lastKnownFileType = sourcecode.c.objc; path = M_9_2_ViewController.m; sourceTree = "<group>"; };
		992436281962B04100D16C4B /* M7HelloObjcio.app */ = {isa = PBXFileReference; explicitFileType = wrapper.application; includeInIndex = 0; path = M7HelloObjcio.app; sourceTree = BUILT_PRODUCTS_DIR; };
		9924362B1962B04100D16C4B /* Foundation.framework */ = {isa = PBXFileReference; lastKnownFileType = wrapper.framework; name = Foundation.framework; path = System/Library/Frameworks/Foundation.framework; sourceTree = SDKROOT; };
		9924362D1962B04100D16C4B /* CoreGraphics.framework */ = {isa = PBXFileReference; lastKnownFileType = wrapper.framework; name = CoreGraphics.framework; path = System/Library/Frameworks/CoreGraphics.framework; sourceTree = SDKROOT; };
		9924362F1962B04100D16C4B /* UIKit.framework */ = {isa = PBXFileReference; lastKnownFileType = wrapper.framework; name = UIKit.framework; path = System/Library/Frameworks/UIKit.framework; sourceTree = SDKROOT; };
		992436331962B04100D16C4B /* M7HelloObjcio-Info.plist */ = {isa = PBXFileReference; lastKnownFileType = text.plist.xml; path = "M7HelloObjcio-Info.plist"; sourceTree = "<group>"; };
		992436351962B04100D16C4B /* en */ = {isa = PBXFileReference; lastKnownFileType = text.plist.strings; name = en; path = en.lproj/InfoPlist.strings; sourceTree = "<group>"; };
		992436371962B04100D16C4B /* main.m */ = {isa = PBXFileReference; lastKnownFileType = sourcecode.c.objc; path = main.m; sourceTree = "<group>"; };
		992436391962B04100D16C4B /* M7HelloObjcio-Prefix.pch */ = {isa = PBXFileReference; lastKnownFileType = sourcecode.c.h; path = "M7HelloObjcio-Prefix.pch"; sourceTree = "<group>"; };
		9924363A1962B04100D16C4B /* AppDelegate.h */ = {isa = PBXFileReference; lastKnownFileType = sourcecode.c.h; path = AppDelegate.h; sourceTree = "<group>"; };
		9924363B1962B04100D16C4B /* AppDelegate.m */ = {isa = PBXFileReference; lastKnownFileType = sourcecode.c.objc; path = AppDelegate.m; sourceTree = "<group>"; };
		9924363D1962B04100D16C4B /* Images.xcassets */ = {isa = PBXFileReference; lastKnownFileType = folder.assetcatalog; path = Images.xcassets; sourceTree = "<group>"; };
		992436441962B04100D16C4B /* XCTest.framework */ = {isa = PBXFileReference; lastKnownFileType = wrapper.framework; name = XCTest.framework; path = Library/Frameworks/XCTest.framework; sourceTree = DEVELOPER_DIR; };
		9924365A1962B0EF00D16C4B /* RootViewController.h */ = {isa = PBXFileReference; fileEncoding = 4; lastKnownFileType = sourcecode.c.h; path = RootViewController.h; sourceTree = "<group>"; };
		9924365B1962B0EF00D16C4B /* RootViewController.m */ = {isa = PBXFileReference; fileEncoding = 4; lastKnownFileType = sourcecode.c.objc; path = RootViewController.m; sourceTree = "<group>"; };
		9924365D1962B1AD00D16C4B /* _tempViewController.h */ = {isa = PBXFileReference; fileEncoding = 4; lastKnownFileType = sourcecode.c.h; path = _tempViewController.h; sourceTree = "<group>"; };
		9924365E1962B1AD00D16C4B /* _tempViewController.m */ = {isa = PBXFileReference; fileEncoding = 4; lastKnownFileType = sourcecode.c.objc; path = _tempViewController.m; sourceTree = "<group>"; };
		992436611962B2D200D16C4B /* M_12_1_ViewController.h */ = {isa = PBXFileReference; fileEncoding = 4; lastKnownFileType = sourcecode.c.h; path = M_12_1_ViewController.h; sourceTree = "<group>"; };
		992436621962B2D200D16C4B /* M_12_1_ViewController.m */ = {isa = PBXFileReference; fileEncoding = 4; lastKnownFileType = sourcecode.c.objc; path = M_12_1_ViewController.m; sourceTree = "<group>"; };
		992627151967E4B60008B773 /* M_2_2_ViewController.h */ = {isa = PBXFileReference; fileEncoding = 4; lastKnownFileType = sourcecode.c.h; path = M_2_2_ViewController.h; sourceTree = "<group>"; };
		992627161967E4B60008B773 /* M_2_2_ViewController.m */ = {isa = PBXFileReference; fileEncoding = 4; lastKnownFileType = sourcecode.c.objc; path = M_2_2_ViewController.m; sourceTree = "<group>"; };
		992627181967E5280008B773 /* _MyDeprecatedAsynURLOperation.h */ = {isa = PBXFileReference; fileEncoding = 4; lastKnownFileType = sourcecode.c.h; path = _MyDeprecatedAsynURLOperation.h; sourceTree = "<group>"; };
		992627191967E5280008B773 /* _MyDeprecatedAsynURLOperation.m */ = {isa = PBXFileReference; fileEncoding = 4; lastKnownFileType = sourcecode.c.objc; path = _MyDeprecatedAsynURLOperation.m; sourceTree = "<group>"; };
		9926272B1967FF9A0008B773 /* Objcio22AsynURLOperation.h */ = {isa = PBXFileReference; fileEncoding = 4; lastKnownFileType = sourcecode.c.h; path = Objcio22AsynURLOperation.h; sourceTree = "<group>"; };
		9926272C1967FF9A0008B773 /* Objcio22AsynURLOperation.m */ = {isa = PBXFileReference; fileEncoding = 4; lastKnownFileType = sourcecode.c.objc; path = Objcio22AsynURLOperation.m; sourceTree = "<group>"; };
		9937BF32196CDBFB00F0B15D /* M_13_1_ViewController.h */ = {isa = PBXFileReference; fileEncoding = 4; lastKnownFileType = sourcecode.c.h; path = M_13_1_ViewController.h; sourceTree = "<group>"; };
		9937BF33196CDBFB00F0B15D /* M_13_1_ViewController.m */ = {isa = PBXFileReference; fileEncoding = 4; lastKnownFileType = sourcecode.c.objc; path = M_13_1_ViewController.m; sourceTree = "<group>"; };
		9937BF35196CDC1300F0B15D /* M_13_1View.h */ = {isa = PBXFileReference; fileEncoding = 4; lastKnownFileType = sourcecode.c.h; path = M_13_1View.h; sourceTree = "<group>"; };
		9937BF36196CDC1300F0B15D /* M_13_1View.m */ = {isa = PBXFileReference; fileEncoding = 4; lastKnownFileType = sourcecode.c.objc; path = M_13_1View.m; sourceTree = "<group>"; };
		9937BF38196CDC3100F0B15D /* PersonModel.h */ = {isa = PBXFileReference; fileEncoding = 4; lastKnownFileType = sourcecode.c.h; path = PersonModel.h; sourceTree = "<group>"; };
		9937BF39196CDC3100F0B15D /* PersonModel.m */ = {isa = PBXFileReference; fileEncoding = 4; lastKnownFileType = sourcecode.c.objc; path = PersonModel.m; sourceTree = "<group>"; };
		9937BF3B196CDC3E00F0B15D /* PersonViewModel.h */ = {isa = PBXFileReference; fileEncoding = 4; lastKnownFileType = sourcecode.c.h; path = PersonViewModel.h; sourceTree = "<group>"; };
		9937BF3C196CDC3E00F0B15D /* PersonViewModel.m */ = {isa = PBXFileReference; fileEncoding = 4; lastKnownFileType = sourcecode.c.objc; path = PersonViewModel.m; sourceTree = "<group>"; };
		994C967B196BA12C00616C98 /* book_info.txt */ = {isa = PBXFileReference; fileEncoding = 4; lastKnownFileType = text; path = book_info.txt; sourceTree = "<group>"; };
		994C96C5196BD04200616C98 /* NSAlert+MKNetworkKitAdditions.h */ = {isa = PBXFileReference; fileEncoding = 4; lastKnownFileType = sourcecode.c.h; path = "NSAlert+MKNetworkKitAdditions.h"; sourceTree = "<group>"; };
		994C96C6196BD04200616C98 /* NSAlert+MKNetworkKitAdditions.m */ = {isa = PBXFileReference; fileEncoding = 4; lastKnownFileType = sourcecode.c.objc; path = "NSAlert+MKNetworkKitAdditions.m"; sourceTree = "<group>"; };
		994C96C7196BD04200616C98 /* NSData+MKBase64.h */ = {isa = PBXFileReference; fileEncoding = 4; lastKnownFileType = sourcecode.c.h; path = "NSData+MKBase64.h"; sourceTree = "<group>"; };
		994C96C8196BD04200616C98 /* NSData+MKBase64.m */ = {isa = PBXFileReference; fileEncoding = 4; lastKnownFileType = sourcecode.c.objc; path = "NSData+MKBase64.m"; sourceTree = "<group>"; };
		994C96C9196BD04200616C98 /* NSDate+RFC1123.h */ = {isa = PBXFileReference; fileEncoding = 4; lastKnownFileType = sourcecode.c.h; path = "NSDate+RFC1123.h"; sourceTree = "<group>"; };
		994C96CA196BD04200616C98 /* NSDate+RFC1123.m */ = {isa = PBXFileReference; fileEncoding = 4; lastKnownFileType = sourcecode.c.objc; path = "NSDate+RFC1123.m"; sourceTree = "<group>"; };
		994C96CB196BD04200616C98 /* NSDictionary+RequestEncoding.h */ = {isa = PBXFileReference; fileEncoding = 4; lastKnownFileType = sourcecode.c.h; path = "NSDictionary+RequestEncoding.h"; sourceTree = "<group>"; };
		994C96CC196BD04200616C98 /* NSDictionary+RequestEncoding.m */ = {isa = PBXFileReference; fileEncoding = 4; lastKnownFileType = sourcecode.c.objc; path = "NSDictionary+RequestEncoding.m"; sourceTree = "<group>"; };
		994C96CD196BD04200616C98 /* NSString+MKNetworkKitAdditions.h */ = {isa = PBXFileReference; fileEncoding = 4; lastKnownFileType = sourcecode.c.h; path = "NSString+MKNetworkKitAdditions.h"; sourceTree = "<group>"; };
		994C96CE196BD04200616C98 /* NSString+MKNetworkKitAdditions.m */ = {isa = PBXFileReference; fileEncoding = 4; lastKnownFileType = sourcecode.c.objc; path = "NSString+MKNetworkKitAdditions.m"; sourceTree = "<group>"; };
		994C96CF196BD04200616C98 /* UIAlertView+MKNetworkKitAdditions.h */ = {isa = PBXFileReference; fileEncoding = 4; lastKnownFileType = sourcecode.c.h; path = "UIAlertView+MKNetworkKitAdditions.h"; sourceTree = "<group>"; };
		994C96D0196BD04200616C98 /* UIAlertView+MKNetworkKitAdditions.m */ = {isa = PBXFileReference; fileEncoding = 4; lastKnownFileType = sourcecode.c.objc; path = "UIAlertView+MKNetworkKitAdditions.m"; sourceTree = "<group>"; };
		994C96D1196BD04200616C98 /* UIImageView+MKNetworkKitAdditions.h */ = {isa = PBXFileReference; fileEncoding = 4; lastKnownFileType = sourcecode.c.h; path = "UIImageView+MKNetworkKitAdditions.h"; sourceTree = "<group>"; };
		994C96D2196BD04200616C98 /* UIImageView+MKNetworkKitAdditions.m */ = {isa = PBXFileReference; fileEncoding = 4; lastKnownFileType = sourcecode.c.objc; path = "UIImageView+MKNetworkKitAdditions.m"; sourceTree = "<group>"; };
		994C96D3196BD04200616C98 /* MKNetworkEngine.h */ = {isa = PBXFileReference; fileEncoding = 4; lastKnownFileType = sourcecode.c.h; path = MKNetworkEngine.h; sourceTree = "<group>"; };
		994C96D4196BD04200616C98 /* MKNetworkEngine.m */ = {isa = PBXFileReference; fileEncoding = 4; lastKnownFileType = sourcecode.c.objc; path = MKNetworkEngine.m; sourceTree = "<group>"; };
		994C96D5196BD04200616C98 /* MKNetworkKit.h */ = {isa = PBXFileReference; fileEncoding = 4; lastKnownFileType = sourcecode.c.h; path = MKNetworkKit.h; sourceTree = "<group>"; };
		994C96D6196BD04200616C98 /* MKNetworkOperation.h */ = {isa = PBXFileReference; fileEncoding = 4; lastKnownFileType = sourcecode.c.h; path = MKNetworkOperation.h; sourceTree = "<group>"; };
		994C96D7196BD04200616C98 /* MKNetworkOperation.m */ = {isa = PBXFileReference; fileEncoding = 4; lastKnownFileType = sourcecode.c.objc; path = MKNetworkOperation.m; sourceTree = "<group>"; };
		994C96D9196BD04200616C98 /* Reachability.h */ = {isa = PBXFileReference; fileEncoding = 4; lastKnownFileType = sourcecode.c.h; path = Reachability.h; sourceTree = "<group>"; };
		994C96DA196BD04200616C98 /* Reachability.m */ = {isa = PBXFileReference; fileEncoding = 4; lastKnownFileType = sourcecode.c.objc; path = Reachability.m; sourceTree = "<group>"; };
		994C96E5196BD08A00616C98 /* CFNetwork.framework */ = {isa = PBXFileReference; lastKnownFileType = wrapper.framework; name = CFNetwork.framework; path = System/Library/Frameworks/CFNetwork.framework; sourceTree = SDKROOT; };
		994C96E7196BD09700616C98 /* SystemConfiguration.framework */ = {isa = PBXFileReference; lastKnownFileType = wrapper.framework; name = SystemConfiguration.framework; path = System/Library/Frameworks/SystemConfiguration.framework; sourceTree = SDKROOT; };
		994C96E9196BD09E00616C98 /* Security.framework */ = {isa = PBXFileReference; lastKnownFileType = wrapper.framework; name = Security.framework; path = System/Library/Frameworks/Security.framework; sourceTree = SDKROOT; };
		994C96EB196BD0A500616C98 /* ImageIO.framework */ = {isa = PBXFileReference; lastKnownFileType = wrapper.framework; name = ImageIO.framework; path = System/Library/Frameworks/ImageIO.framework; sourceTree = SDKROOT; };
		994C96EF196BD11C00616C98 /* M7Engine.h */ = {isa = PBXFileReference; fileEncoding = 4; lastKnownFileType = sourcecode.c.h; path = M7Engine.h; sourceTree = "<group>"; };
		994C96F0196BD11C00616C98 /* M7Engine.m */ = {isa = PBXFileReference; fileEncoding = 4; lastKnownFileType = sourcecode.c.objc; path = M7Engine.m; sourceTree = "<group>"; };
		994C96F5196BD15B00616C98 /* M7JSONModel.h */ = {isa = PBXFileReference; fileEncoding = 4; lastKnownFileType = sourcecode.c.h; path = M7JSONModel.h; sourceTree = "<group>"; };
		994C96F6196BD15B00616C98 /* M7JSONModel.m */ = {isa = PBXFileReference; fileEncoding = 4; lastKnownFileType = sourcecode.c.objc; path = M7JSONModel.m; sourceTree = "<group>"; };
		994C96F8196BD19900616C98 /* M7Error.h */ = {isa = PBXFileReference; fileEncoding = 4; lastKnownFileType = sourcecode.c.h; path = M7Error.h; sourceTree = "<group>"; };
		994C96F9196BD19900616C98 /* M7Error.m */ = {isa = PBXFileReference; fileEncoding = 4; lastKnownFileType = sourcecode.c.objc; path = M7Error.m; sourceTree = "<group>"; };
		994C96FB196BD1B700616C98 /* Book14ViewController.h */ = {isa = PBXFileReference; fileEncoding = 4; lastKnownFileType = sourcecode.c.h; path = Book14ViewController.h; sourceTree = "<group>"; };
		994C96FC196BD1B700616C98 /* Book14ViewController.m */ = {isa = PBXFileReference; fileEncoding = 4; lastKnownFileType = sourcecode.c.objc; path = Book14ViewController.m; sourceTree = "<group>"; };
		994C96FE196BD1E200616C98 /* MenuItem.h */ = {isa = PBXFileReference; fileEncoding = 4; lastKnownFileType = sourcecode.c.h; path = MenuItem.h; sourceTree = "<group>"; };
		994C96FF196BD1E200616C98 /* MenuItem.m */ = {isa = PBXFileReference; fileEncoding = 4; lastKnownFileType = sourcecode.c.objc; path = MenuItem.m; sourceTree = "<group>"; };
		994C9701196BD1EC00616C98 /* Review.h */ = {isa = PBXFileReference; fileEncoding = 4; lastKnownFileType = sourcecode.c.h; path = Review.h; sourceTree = "<group>"; };
		994C9702196BD1EC00616C98 /* Review.m */ = {isa = PBXFileReference; fileEncoding = 4; lastKnownFileType = sourcecode.c.objc; path = Review.m; sourceTree = "<group>"; };
		994C9725196BF3C000616C98 /* en */ = {isa = PBXFileReference; lastKnownFileType = text.plist.strings; name = en; path = en.lproj/ErrorTable.strings; sourceTree = "<group>"; };
		994C9727196BF3C100616C98 /* zh-Hans */ = {isa = PBXFileReference; lastKnownFileType = text.plist.strings; name = "zh-Hans"; path = "zh-Hans.lproj/ErrorTable.strings"; sourceTree = "<group>"; };
		99B62B37196647B6006FE61A /* M_1_4_ViewController.h */ = {isa = PBXFileReference; fileEncoding = 4; lastKnownFileType = sourcecode.c.h; path = M_1_4_ViewController.h; sourceTree = "<group>"; };
		99B62B38196647B6006FE61A /* M_1_4_ViewController.m */ = {isa = PBXFileReference; fileEncoding = 4; lastKnownFileType = sourcecode.c.objc; path = M_1_4_ViewController.m; sourceTree = "<group>"; };
		99B62B3A196647CC006FE61A /* M_1_4_Sub_ViewController.h */ = {isa = PBXFileReference; fileEncoding = 4; lastKnownFileType = sourcecode.c.h; path = M_1_4_Sub_ViewController.h; sourceTree = "<group>"; };
		99B62B3B196647CC006FE61A /* M_1_4_Sub_ViewController.m */ = {isa = PBXFileReference; fileEncoding = 4; lastKnownFileType = sourcecode.c.objc; path = M_1_4_Sub_ViewController.m; sourceTree = "<group>"; };
		99C05A44196E80BA0038564E /* M7AppCache.h */ = {isa = PBXFileReference; fileEncoding = 4; lastKnownFileType = sourcecode.c.h; path = M7AppCache.h; sourceTree = "<group>"; };
		99C05A45196E80BA0038564E /* M7AppCache.m */ = {isa = PBXFileReference; fileEncoding = 4; lastKnownFileType = sourcecode.c.objc; path = M7AppCache.m; sourceTree = "<group>"; };
		99C05A46196E80BA0038564E /* M7AppCachePlus.h */ = {isa = PBXFileReference; fileEncoding = 4; lastKnownFileType = sourcecode.c.h; path = M7AppCachePlus.h; sourceTree = "<group>"; };
		99C05A47196E80BA0038564E /* M7AppCachePlus.m */ = {isa = PBXFileReference; fileEncoding = 4; lastKnownFileType = sourcecode.c.objc; path = M7AppCachePlus.m; sourceTree = "<group>"; };
		99C05A4A196E80C70038564E /* M7CacheEngine.h */ = {isa = PBXFileReference; fileEncoding = 4; lastKnownFileType = sourcecode.c.h; name = M7CacheEngine.h; path = M7HelloObjcio/M7CacheEngine.h; sourceTree = "<group>"; };
		99C05A4B196E80C70038564E /* M7CacheEngine.m */ = {isa = PBXFileReference; fileEncoding = 4; lastKnownFileType = sourcecode.c.objc; name = M7CacheEngine.m; path = M7HelloObjcio/M7CacheEngine.m; sourceTree = "<group>"; };
		99C05A4D196E80D10038564E /* CacheJSONModel.h */ = {isa = PBXFileReference; fileEncoding = 4; lastKnownFileType = sourcecode.c.h; name = CacheJSONModel.h; path = M7HelloObjcio/CacheJSONModel.h; sourceTree = "<group>"; };
		99C05A4E196E80D10038564E /* CacheJSONModel.m */ = {isa = PBXFileReference; fileEncoding = 4; lastKnownFileType = sourcecode.c.objc; name = CacheJSONModel.m; path = M7HelloObjcio/CacheJSONModel.m; sourceTree = "<group>"; };
		99C05A4F196E80D10038564E /* CacheMenuItem.h */ = {isa = PBXFileReference; fileEncoding = 4; lastKnownFileType = sourcecode.c.h; name = CacheMenuItem.h; path = M7HelloObjcio/CacheMenuItem.h; sourceTree = "<group>"; };
		99C05A50196E80D10038564E /* CacheMenuItem.m */ = {isa = PBXFileReference; fileEncoding = 4; lastKnownFileType = sourcecode.c.objc; name = CacheMenuItem.m; path = M7HelloObjcio/CacheMenuItem.m; sourceTree = "<group>"; };
		99C05A51196E80D10038564E /* CacheReview.h */ = {isa = PBXFileReference; fileEncoding = 4; lastKnownFileType = sourcecode.c.h; name = CacheReview.h; path = M7HelloObjcio/CacheReview.h; sourceTree = "<group>"; };
		99C05A52196E80D10038564E /* CacheReview.m */ = {isa = PBXFileReference; fileEncoding = 4; lastKnownFileType = sourcecode.c.objc; name = CacheReview.m; path = M7HelloObjcio/CacheReview.m; sourceTree = "<group>"; };
		99C05A56196E80DA0038564E /* Book24ViewController.h */ = {isa = PBXFileReference; fileEncoding = 4; lastKnownFileType = sourcecode.c.h; path = Book24ViewController.h; sourceTree = "<group>"; };
		99C05A57196E80DA0038564E /* Book24ViewController.m */ = {isa = PBXFileReference; fileEncoding = 4; lastKnownFileType = sourcecode.c.objc; path = Book24ViewController.m; sourceTree = "<group>"; };
		99D29DA019697E74001E7DC1 /* M_7_1_ViewController.h */ = {isa = PBXFileReference; fileEncoding = 4; lastKnownFileType = sourcecode.c.h; path = M_7_1_ViewController.h; sourceTree = "<group>"; };
		99D29DA119697E74001E7DC1 /* M_7_1_ViewController.m */ = {isa = PBXFileReference; fileEncoding = 4; lastKnownFileType = sourcecode.c.objc; path = M_7_1_ViewController.m; sourceTree = "<group>"; };
/* End PBXFileReference section */

/* Begin PBXFrameworksBuildPhase section */
		992436251962B04100D16C4B /* Frameworks */ = {
			isa = PBXFrameworksBuildPhase;
			buildActionMask = 2147483647;
			files = (
				994C96EC196BD0A500616C98 /* ImageIO.framework in Frameworks */,
				994C96EA196BD09E00616C98 /* Security.framework in Frameworks */,
				994C96E8196BD09700616C98 /* SystemConfiguration.framework in Frameworks */,
				994C96E6196BD08A00616C98 /* CFNetwork.framework in Frameworks */,
				9924362E1962B04100D16C4B /* CoreGraphics.framework in Frameworks */,
				992436301962B04100D16C4B /* UIKit.framework in Frameworks */,
				9924362C1962B04100D16C4B /* Foundation.framework in Frameworks */,
			);
			runOnlyForDeploymentPostprocessing = 0;
		};
/* End PBXFrameworksBuildPhase section */

/* Begin PBXGroup section */
		991E737E19641ADC00B45F51 /* 9-3字符串本地化 */ = {
			isa = PBXGroup;
			children = (
				991E737F19641AFD00B45F51 /* M_9_3_ViewController.h */,
				991E738019641AFD00B45F51 /* M_9_3_ViewController.m */,
			);
			name = "9-3字符串本地化";
			sourceTree = "<group>";
		};
		991E738219641DCC00B45F51 /* Resources */ = {
			isa = PBXGroup;
			children = (
				991E738319641DCC00B45F51 /* images */,
				991E738C19642CAC00B45F51 /* strings */,
			);
			path = Resources;
			sourceTree = "<group>";
		};
		991E738319641DCC00B45F51 /* images */ = {
			isa = PBXGroup;
			children = (
			);
			path = images;
			sourceTree = "<group>";
		};
		991E738C19642CAC00B45F51 /* strings */ = {
			isa = PBXGroup;
			children = (
				991E739219642D3900B45F51 /* Localizable.strings */,
				991E739919642F9D00B45F51 /* HelloTable.strings */,
				994C9726196BF3C000616C98 /* ErrorTable.strings */,
			);
			path = strings;
			sourceTree = "<group>";
		};
		991E739B1964F0E100B45F51 /* 9-2玩转字符串 */ = {
			isa = PBXGroup;
			children = (
				991E739C1964F0FA00B45F51 /* M_9_2_ViewController.h */,
				991E739D1964F0FA00B45F51 /* M_9_2_ViewController.m */,
			);
			name = "9-2玩转字符串";
			sourceTree = "<group>";
		};
		9924361F1962B04100D16C4B = {
			isa = PBXGroup;
			children = (
				992436311962B04100D16C4B /* M7HelloObjcio */,
				992436641962D6AF00D16C4B /* 3rdparty */,
				9924362A1962B04100D16C4B /* Frameworks */,
				992436291962B04100D16C4B /* Products */,
			);
			sourceTree = "<group>";
		};
		992436291962B04100D16C4B /* Products */ = {
			isa = PBXGroup;
			children = (
				992436281962B04100D16C4B /* M7HelloObjcio.app */,
			);
			name = Products;
			sourceTree = "<group>";
		};
		9924362A1962B04100D16C4B /* Frameworks */ = {
			isa = PBXGroup;
			children = (
				994C96ED196BD0AA00616C98 /* notJustForMKNetwork */,
				9924362B1962B04100D16C4B /* Foundation.framework */,
				9924362D1962B04100D16C4B /* CoreGraphics.framework */,
				9924362F1962B04100D16C4B /* UIKit.framework */,
				992436441962B04100D16C4B /* XCTest.framework */,
			);
			name = Frameworks;
			sourceTree = "<group>";
		};
		992436311962B04100D16C4B /* M7HelloObjcio */ = {
			isa = PBXGroup;
			children = (
				9924363A1962B04100D16C4B /* AppDelegate.h */,
				9924363B1962B04100D16C4B /* AppDelegate.m */,
				9924365A1962B0EF00D16C4B /* RootViewController.h */,
				9924365B1962B0EF00D16C4B /* RootViewController.m */,
				9924365D1962B1AD00D16C4B /* _tempViewController.h */,
				9924365E1962B1AD00D16C4B /* _tempViewController.m */,
				99B62B3619664795006FE61A /* 1-4ViewController容器 */,
				992627141967E47F0008B773 /* 2-2并发常见实践 */,
				99D29D9F19697E47001E7DC1 /* 7-1基础集合类 */,
				991E739B1964F0E100B45F51 /* 9-2玩转字符串 */,
				991E737E19641ADC00B45F51 /* 9-3字符串本地化 */,
				992436601962B29200D16C4B /* 12-1动画解释 */,
				9937BF31196CDA8A00F0B15D /* 13-1MMVM架构 */,
				99C05A41196E7FE40038564E /* book-14-RESTful架构 */,
				99C05A42196E80020038564E /* book-24-数据模型缓存 */,
				994C967B196BA12C00616C98 /* book_info.txt */,
				9924363D1962B04100D16C4B /* Images.xcassets */,
				992436321962B04100D16C4B /* Supporting Files */,
				991E738219641DCC00B45F51 /* Resources */,
			);
			path = M7HelloObjcio;
			sourceTree = "<group>";
		};
		992436321962B04100D16C4B /* Supporting Files */ = {
			isa = PBXGroup;
			children = (
				992436331962B04100D16C4B /* M7HelloObjcio-Info.plist */,
				992436341962B04100D16C4B /* InfoPlist.strings */,
				992436371962B04100D16C4B /* main.m */,
				992436391962B04100D16C4B /* M7HelloObjcio-Prefix.pch */,
			);
			name = "Supporting Files";
			sourceTree = "<group>";
		};
		992436601962B29200D16C4B /* 12-1动画解释 */ = {
			isa = PBXGroup;
			children = (
				992436611962B2D200D16C4B /* M_12_1_ViewController.h */,
				992436621962B2D200D16C4B /* M_12_1_ViewController.m */,
			);
			name = "12-1动画解释";
			sourceTree = "<group>";
		};
		992436641962D6AF00D16C4B /* 3rdparty */ = {
			isa = PBXGroup;
			children = (
				994C96C3196BD04200616C98 /* MKNetworkKit */,
			);
			name = 3rdparty;
			sourceTree = "<group>";
		};
		992627141967E47F0008B773 /* 2-2并发常见实践 */ = {
			isa = PBXGroup;
			children = (
				992627151967E4B60008B773 /* M_2_2_ViewController.h */,
				992627161967E4B60008B773 /* M_2_2_ViewController.m */,
				9926272B1967FF9A0008B773 /* Objcio22AsynURLOperation.h */,
				9926272C1967FF9A0008B773 /* Objcio22AsynURLOperation.m */,
				992627181967E5280008B773 /* _MyDeprecatedAsynURLOperation.h */,
				992627191967E5280008B773 /* _MyDeprecatedAsynURLOperation.m */,
			);
			name = "2-2并发常见实践";
			sourceTree = "<group>";
		};
		9937BF31196CDA8A00F0B15D /* 13-1MMVM架构 */ = {
			isa = PBXGroup;
			children = (
				9937BF32196CDBFB00F0B15D /* M_13_1_ViewController.h */,
				9937BF33196CDBFB00F0B15D /* M_13_1_ViewController.m */,
				9937BF35196CDC1300F0B15D /* M_13_1View.h */,
				9937BF36196CDC1300F0B15D /* M_13_1View.m */,
				9937BF38196CDC3100F0B15D /* PersonModel.h */,
				9937BF39196CDC3100F0B15D /* PersonModel.m */,
				9937BF3B196CDC3E00F0B15D /* PersonViewModel.h */,
				9937BF3C196CDC3E00F0B15D /* PersonViewModel.m */,
			);
			name = "13-1MMVM架构";
			sourceTree = "<group>";
		};
		9937BF42196D13E600F0B15D /* Model */ = {
			isa = PBXGroup;
			children = (
				99C05A4D196E80D10038564E /* CacheJSONModel.h */,
				99C05A4E196E80D10038564E /* CacheJSONModel.m */,
				99C05A4F196E80D10038564E /* CacheMenuItem.h */,
				99C05A50196E80D10038564E /* CacheMenuItem.m */,
				99C05A51196E80D10038564E /* CacheReview.h */,
				99C05A52196E80D10038564E /* CacheReview.m */,
			);
			name = Model;
			path = ..;
			sourceTree = "<group>";
		};
		9937BF4C196D1CFD00F0B15D /* Engine */ = {
			isa = PBXGroup;
			children = (
				99C05A4A196E80C70038564E /* M7CacheEngine.h */,
				99C05A4B196E80C70038564E /* M7CacheEngine.m */,
			);
			name = Engine;
			path = ..;
			sourceTree = "<group>";
		};
		994C96C3196BD04200616C98 /* MKNetworkKit */ = {
			isa = PBXGroup;
			children = (
				994C96C4196BD04200616C98 /* Categories */,
				994C96D3196BD04200616C98 /* MKNetworkEngine.h */,
				994C96D4196BD04200616C98 /* MKNetworkEngine.m */,
				994C96D5196BD04200616C98 /* MKNetworkKit.h */,
				994C96D6196BD04200616C98 /* MKNetworkOperation.h */,
				994C96D7196BD04200616C98 /* MKNetworkOperation.m */,
				994C96D8196BD04200616C98 /* Reachability */,
			);
			path = MKNetworkKit;
			sourceTree = "<group>";
		};
		994C96C4196BD04200616C98 /* Categories */ = {
			isa = PBXGroup;
			children = (
				994C96C5196BD04200616C98 /* NSAlert+MKNetworkKitAdditions.h */,
				994C96C6196BD04200616C98 /* NSAlert+MKNetworkKitAdditions.m */,
				994C96C7196BD04200616C98 /* NSData+MKBase64.h */,
				994C96C8196BD04200616C98 /* NSData+MKBase64.m */,
				994C96C9196BD04200616C98 /* NSDate+RFC1123.h */,
				994C96CA196BD04200616C98 /* NSDate+RFC1123.m */,
				994C96CB196BD04200616C98 /* NSDictionary+RequestEncoding.h */,
				994C96CC196BD04200616C98 /* NSDictionary+RequestEncoding.m */,
				994C96CD196BD04200616C98 /* NSString+MKNetworkKitAdditions.h */,
				994C96CE196BD04200616C98 /* NSString+MKNetworkKitAdditions.m */,
				994C96CF196BD04200616C98 /* UIAlertView+MKNetworkKitAdditions.h */,
				994C96D0196BD04200616C98 /* UIAlertView+MKNetworkKitAdditions.m */,
				994C96D1196BD04200616C98 /* UIImageView+MKNetworkKitAdditions.h */,
				994C96D2196BD04200616C98 /* UIImageView+MKNetworkKitAdditions.m */,
			);
			path = Categories;
			sourceTree = "<group>";
		};
		994C96D8196BD04200616C98 /* Reachability */ = {
			isa = PBXGroup;
			children = (
				994C96D9196BD04200616C98 /* Reachability.h */,
				994C96DA196BD04200616C98 /* Reachability.m */,
			);
			path = Reachability;
			sourceTree = "<group>";
		};
		994C96ED196BD0AA00616C98 /* notJustForMKNetwork */ = {
			isa = PBXGroup;
			children = (
				994C96EB196BD0A500616C98 /* ImageIO.framework */,
				994C96E9196BD09E00616C98 /* Security.framework */,
				994C96E7196BD09700616C98 /* SystemConfiguration.framework */,
				994C96E5196BD08A00616C98 /* CFNetwork.framework */,
			);
			name = notJustForMKNetwork;
			sourceTree = "<group>";
		};
		994C96EE196BD0D600616C98 /* Engine */ = {
			isa = PBXGroup;
			children = (
				994C96EF196BD11C00616C98 /* M7Engine.h */,
				994C96F0196BD11C00616C98 /* M7Engine.m */,
			);
			name = Engine;
			sourceTree = "<group>";
		};
		994C9728196BFCFA00616C98 /* Model */ = {
			isa = PBXGroup;
			children = (
				994C96F5196BD15B00616C98 /* M7JSONModel.h */,
				994C96F6196BD15B00616C98 /* M7JSONModel.m */,
				994C96FE196BD1E200616C98 /* MenuItem.h */,
				994C96FF196BD1E200616C98 /* MenuItem.m */,
				994C9701196BD1EC00616C98 /* Review.h */,
				994C9702196BD1EC00616C98 /* Review.m */,
			);
			name = Model;
			sourceTree = "<group>";
		};
		994C9729196BFD0800616C98 /* Error */ = {
			isa = PBXGroup;
			children = (
				994C96F8196BD19900616C98 /* M7Error.h */,
				994C96F9196BD19900616C98 /* M7Error.m */,
			);
			name = Error;
			sourceTree = "<group>";
		};
		99B62B3619664795006FE61A /* 1-4ViewController容器 */ = {
			isa = PBXGroup;
			children = (
				99B62B37196647B6006FE61A /* M_1_4_ViewController.h */,
				99B62B38196647B6006FE61A /* M_1_4_ViewController.m */,
				99B62B3A196647CC006FE61A /* M_1_4_Sub_ViewController.h */,
				99B62B3B196647CC006FE61A /* M_1_4_Sub_ViewController.m */,
			);
			name = "1-4ViewController容器";
			sourceTree = "<group>";
		};
		99C05A41196E7FE40038564E /* book-14-RESTful架构 */ = {
			isa = PBXGroup;
			children = (
				994C96EE196BD0D600616C98 /* Engine */,
				994C9729196BFD0800616C98 /* Error */,
				994C9728196BFCFA00616C98 /* Model */,
				994C96FB196BD1B700616C98 /* Book14ViewController.h */,
				994C96FC196BD1B700616C98 /* Book14ViewController.m */,
			);
			name = "book-14-RESTful架构";
			sourceTree = "<group>";
		};
		99C05A42196E80020038564E /* book-24-数据模型缓存 */ = {
			isa = PBXGroup;
			children = (
				99C05A43196E80760038564E /* Cache */,
				9937BF4C196D1CFD00F0B15D /* Engine */,
				9937BF42196D13E600F0B15D /* Model */,
				99C05A56196E80DA0038564E /* Book24ViewController.h */,
				99C05A57196E80DA0038564E /* Book24ViewController.m */,
			);
			name = "book-24-数据模型缓存";
			sourceTree = "<group>";
		};
		99C05A43196E80760038564E /* Cache */ = {
			isa = PBXGroup;
			children = (
				99C05A44196E80BA0038564E /* M7AppCache.h */,
				99C05A45196E80BA0038564E /* M7AppCache.m */,
				99C05A46196E80BA0038564E /* M7AppCachePlus.h */,
				99C05A47196E80BA0038564E /* M7AppCachePlus.m */,
			);
			name = Cache;
			sourceTree = "<group>";
		};
		99D29D9F19697E47001E7DC1 /* 7-1基础集合类 */ = {
			isa = PBXGroup;
			children = (
				99D29DA019697E74001E7DC1 /* M_7_1_ViewController.h */,
				99D29DA119697E74001E7DC1 /* M_7_1_ViewController.m */,
			);
			name = "7-1基础集合类";
			sourceTree = "<group>";
		};
/* End PBXGroup section */

/* Begin PBXNativeTarget section */
		992436271962B04100D16C4B /* M7HelloObjcio */ = {
			isa = PBXNativeTarget;
			buildConfigurationList = 992436541962B04100D16C4B /* Build configuration list for PBXNativeTarget "M7HelloObjcio" */;
			buildPhases = (
				992436241962B04100D16C4B /* Sources */,
				992436251962B04100D16C4B /* Frameworks */,
				992436261962B04100D16C4B /* Resources */,
			);
			buildRules = (
			);
			dependencies = (
			);
			name = M7HelloObjcio;
			productName = M7HelloObjcio;
			productReference = 992436281962B04100D16C4B /* M7HelloObjcio.app */;
			productType = "com.apple.product-type.application";
		};
/* End PBXNativeTarget section */

/* Begin PBXProject section */
		992436201962B04100D16C4B /* Project object */ = {
			isa = PBXProject;
			attributes = {
				LastUpgradeCheck = 0510;
				ORGANIZATIONNAME = chenmsm2;
			};
			buildConfigurationList = 992436231962B04100D16C4B /* Build configuration list for PBXProject "M7HelloObjcio" */;
			compatibilityVersion = "Xcode 3.2";
			developmentRegion = English;
			hasScannedForEncodings = 0;
			knownRegions = (
				en,
				"zh-Hans",
			);
			mainGroup = 9924361F1962B04100D16C4B;
			productRefGroup = 992436291962B04100D16C4B /* Products */;
			projectDirPath = "";
			projectRoot = "";
			targets = (
				992436271962B04100D16C4B /* M7HelloObjcio */,
			);
		};
/* End PBXProject section */

/* Begin PBXResourcesBuildPhase section */
		992436261962B04100D16C4B /* Resources */ = {
			isa = PBXResourcesBuildPhase;
			buildActionMask = 2147483647;
			files = (
				992436361962B04100D16C4B /* InfoPlist.strings in Resources */,
				994C967C196BA12C00616C98 /* book_info.txt in Resources */,
				994C9724196BF3C000616C98 /* ErrorTable.strings in Resources */,
				991E739019642D3900B45F51 /* Localizable.strings in Resources */,
				991E739719642F9D00B45F51 /* HelloTable.strings in Resources */,
				9924363E1962B04100D16C4B /* Images.xcassets in Resources */,
			);
			runOnlyForDeploymentPostprocessing = 0;
		};
/* End PBXResourcesBuildPhase section */

/* Begin PBXSourcesBuildPhase section */
		992436241962B04100D16C4B /* Sources */ = {
			isa = PBXSourcesBuildPhase;
			buildActionMask = 2147483647;
			files = (
				99C05A55196E80D10038564E /* CacheReview.m in Sources */,
				99C05A58196E80DA0038564E /* Book24ViewController.m in Sources */,
				994C96DF196BD04200616C98 /* NSString+MKNetworkKitAdditions.m in Sources */,
				991E738119641AFD00B45F51 /* M_9_3_ViewController.m in Sources */,
				9924365F1962B1AD00D16C4B /* _tempViewController.m in Sources */,
				994C96DC196BD04200616C98 /* NSData+MKBase64.m in Sources */,
				994C96E2196BD04200616C98 /* MKNetworkEngine.m in Sources */,
				992627171967E4B60008B773 /* M_2_2_ViewController.m in Sources */,
				994C9700196BD1E200616C98 /* MenuItem.m in Sources */,
				994C96F7196BD15B00616C98 /* M7JSONModel.m in Sources */,
				9924363C1962B04100D16C4B /* AppDelegate.m in Sources */,
				994C96E1196BD04200616C98 /* UIImageView+MKNetworkKitAdditions.m in Sources */,
				99C05A48196E80BA0038564E /* M7AppCache.m in Sources */,
				991E739E1964F0FA00B45F51 /* M_9_2_ViewController.m in Sources */,
				99D29DA219697E74001E7DC1 /* M_7_1_ViewController.m in Sources */,
				9937BF37196CDC1300F0B15D /* M_13_1View.m in Sources */,
				994C96DD196BD04200616C98 /* NSDate+RFC1123.m in Sources */,
				9926271A1967E5280008B773 /* _MyDeprecatedAsynURLOperation.m in Sources */,
				994C96FA196BD19900616C98 /* M7Error.m in Sources */,
				9937BF3A196CDC3100F0B15D /* PersonModel.m in Sources */,
				992436631962B2D200D16C4B /* M_12_1_ViewController.m in Sources */,
				9937BF34196CDBFB00F0B15D /* M_13_1_ViewController.m in Sources */,
				99C05A4C196E80C70038564E /* M7CacheEngine.m in Sources */,
				9937BF3D196CDC3E00F0B15D /* PersonViewModel.m in Sources */,
				99C05A53196E80D10038564E /* CacheJSONModel.m in Sources */,
				994C96E0196BD04200616C98 /* UIAlertView+MKNetworkKitAdditions.m in Sources */,
				994C96DE196BD04200616C98 /* NSDictionary+RequestEncoding.m in Sources */,
				994C96F1196BD11C00616C98 /* M7Engine.m in Sources */,
				99C05A49196E80BA0038564E /* M7AppCachePlus.m in Sources */,
				99B62B3C196647CC006FE61A /* M_1_4_Sub_ViewController.m in Sources */,
				994C96E3196BD04200616C98 /* MKNetworkOperation.m in Sources */,
				994C96E4196BD04200616C98 /* Reachability.m in Sources */,
				99C05A54196E80D10038564E /* CacheMenuItem.m in Sources */,
				994C96DB196BD04200616C98 /* NSAlert+MKNetworkKitAdditions.m in Sources */,
				9926272D1967FF9A0008B773 /* Objcio22AsynURLOperation.m in Sources */,
				994C96FD196BD1B700616C98 /* Book14ViewController.m in Sources */,
				992436381962B04100D16C4B /* main.m in Sources */,
				9924365C1962B0EF00D16C4B /* RootViewController.m in Sources */,
				99B62B39196647B6006FE61A /* M_1_4_ViewController.m in Sources */,
				994C9703196BD1EC00616C98 /* Review.m in Sources */,
			);
			runOnlyForDeploymentPostprocessing = 0;
		};
/* End PBXSourcesBuildPhase section */

/* Begin PBXVariantGroup section */
		991E739219642D3900B45F51 /* Localizable.strings */ = {
			isa = PBXVariantGroup;
			children = (
				991E739119642D3900B45F51 /* en */,
				991E739419642D4A00B45F51 /* zh-Hans */,
			);
			name = Localizable.strings;
			sourceTree = "<group>";
		};
		991E739919642F9D00B45F51 /* HelloTable.strings */ = {
			isa = PBXVariantGroup;
			children = (
				991E739819642F9D00B45F51 /* en */,
				991E739A19642FA200B45F51 /* zh-Hans */,
			);
			name = HelloTable.strings;
			sourceTree = "<group>";
		};
		992436341962B04100D16C4B /* InfoPlist.strings */ = {
			isa = PBXVariantGroup;
			children = (
				992436351962B04100D16C4B /* en */,
				991E738F19642CFD00B45F51 /* zh-Hans */,
			);
			name = InfoPlist.strings;
			sourceTree = "<group>";
		};
		994C9726196BF3C000616C98 /* ErrorTable.strings */ = {
			isa = PBXVariantGroup;
			children = (
				994C9725196BF3C000616C98 /* en */,
				994C9727196BF3C100616C98 /* zh-Hans */,
			);
			name = ErrorTable.strings;
			sourceTree = "<group>";
		};
/* End PBXVariantGroup section */

/* Begin XCBuildConfiguration section */
		992436521962B04100D16C4B /* Debug */ = {
			isa = XCBuildConfiguration;
			buildSettings = {
				ALWAYS_SEARCH_USER_PATHS = NO;
				CLANG_CXX_LANGUAGE_STANDARD = "gnu++0x";
				CLANG_CXX_LIBRARY = "libc++";
				CLANG_ENABLE_MODULES = YES;
				CLANG_ENABLE_OBJC_ARC = YES;
				CLANG_WARN_BOOL_CONVERSION = YES;
				CLANG_WARN_CONSTANT_CONVERSION = YES;
				CLANG_WARN_DIRECT_OBJC_ISA_USAGE = YES_ERROR;
				CLANG_WARN_EMPTY_BODY = YES;
				CLANG_WARN_ENUM_CONVERSION = YES;
				CLANG_WARN_INT_CONVERSION = YES;
				CLANG_WARN_OBJC_ROOT_CLASS = YES_ERROR;
				CLANG_WARN__DUPLICATE_METHOD_MATCH = YES;
				"CODE_SIGN_IDENTITY[sdk=iphoneos*]" = "iPhone Developer";
				COPY_PHASE_STRIP = NO;
				GCC_C_LANGUAGE_STANDARD = gnu99;
				GCC_DYNAMIC_NO_PIC = NO;
				GCC_OPTIMIZATION_LEVEL = 0;
				GCC_PREPROCESSOR_DEFINITIONS = (
					"DEBUG=1",
					"$(inherited)",
				);
				GCC_SYMBOLS_PRIVATE_EXTERN = NO;
				GCC_WARN_64_TO_32_BIT_CONVERSION = YES;
				GCC_WARN_ABOUT_RETURN_TYPE = YES_ERROR;
				GCC_WARN_UNDECLARED_SELECTOR = YES;
				GCC_WARN_UNINITIALIZED_AUTOS = YES_AGGRESSIVE;
				GCC_WARN_UNUSED_FUNCTION = YES;
				GCC_WARN_UNUSED_VARIABLE = YES;
				IPHONEOS_DEPLOYMENT_TARGET = 6.0;
				ONLY_ACTIVE_ARCH = YES;
				SDKROOT = iphoneos;
				TARGETED_DEVICE_FAMILY = "1,2";
			};
			name = Debug;
		};
		992436531962B04100D16C4B /* Release */ = {
			isa = XCBuildConfiguration;
			buildSettings = {
				ALWAYS_SEARCH_USER_PATHS = NO;
				CLANG_CXX_LANGUAGE_STANDARD = "gnu++0x";
				CLANG_CXX_LIBRARY = "libc++";
				CLANG_ENABLE_MODULES = YES;
				CLANG_ENABLE_OBJC_ARC = YES;
				CLANG_WARN_BOOL_CONVERSION = YES;
				CLANG_WARN_CONSTANT_CONVERSION = YES;
				CLANG_WARN_DIRECT_OBJC_ISA_USAGE = YES_ERROR;
				CLANG_WARN_EMPTY_BODY = YES;
				CLANG_WARN_ENUM_CONVERSION = YES;
				CLANG_WARN_INT_CONVERSION = YES;
				CLANG_WARN_OBJC_ROOT_CLASS = YES_ERROR;
				CLANG_WARN__DUPLICATE_METHOD_MATCH = YES;
				"CODE_SIGN_IDENTITY[sdk=iphoneos*]" = "iPhone Developer";
				COPY_PHASE_STRIP = YES;
				ENABLE_NS_ASSERTIONS = NO;
				GCC_C_LANGUAGE_STANDARD = gnu99;
				GCC_WARN_64_TO_32_BIT_CONVERSION = YES;
				GCC_WARN_ABOUT_RETURN_TYPE = YES_ERROR;
				GCC_WARN_UNDECLARED_SELECTOR = YES;
				GCC_WARN_UNINITIALIZED_AUTOS = YES_AGGRESSIVE;
				GCC_WARN_UNUSED_FUNCTION = YES;
				GCC_WARN_UNUSED_VARIABLE = YES;
				IPHONEOS_DEPLOYMENT_TARGET = 6.0;
				SDKROOT = iphoneos;
				TARGETED_DEVICE_FAMILY = "1,2";
				VALIDATE_PRODUCT = YES;
			};
			name = Release;
		};
		992436551962B04100D16C4B /* Debug */ = {
			isa = XCBuildConfiguration;
			buildSettings = {
				ASSETCATALOG_COMPILER_APPICON_NAME = AppIcon;
				ASSETCATALOG_COMPILER_LAUNCHIMAGE_NAME = LaunchImage;
				GCC_PRECOMPILE_PREFIX_HEADER = YES;
				GCC_PREFIX_HEADER = "M7HelloObjcio/M7HelloObjcio-Prefix.pch";
				INFOPLIST_FILE = "M7HelloObjcio/M7HelloObjcio-Info.plist";
				LIBRARY_SEARCH_PATHS = (
					"$(inherited)",
					"$(PROJECT_DIR)/RBBAnimation",
				);
				PRODUCT_NAME = "$(TARGET_NAME)";
				PROVISIONING_PROFILE = "1DB3A357-D874-48B7-935D-7CEF6C83F733";
				WRAPPER_EXTENSION = app;
			};
			name = Debug;
		};
		992436561962B04100D16C4B /* Release */ = {
			isa = XCBuildConfiguration;
			buildSettings = {
				ASSETCATALOG_COMPILER_APPICON_NAME = AppIcon;
				ASSETCATALOG_COMPILER_LAUNCHIMAGE_NAME = LaunchImage;
				GCC_PRECOMPILE_PREFIX_HEADER = YES;
				GCC_PREFIX_HEADER = "M7HelloObjcio/M7HelloObjcio-Prefix.pch";
				INFOPLIST_FILE = "M7HelloObjcio/M7HelloObjcio-Info.plist";
				LIBRARY_SEARCH_PATHS = (
					"$(inherited)",
					"$(PROJECT_DIR)/RBBAnimation",
				);
				PRODUCT_NAME = "$(TARGET_NAME)";
				PROVISIONING_PROFILE = "1DB3A357-D874-48B7-935D-7CEF6C83F733";
				WRAPPER_EXTENSION = app;
			};
			name = Release;
		};
/* End XCBuildConfiguration section */

/* Begin XCConfigurationList section */
		992436231962B04100D16C4B /* Build configuration list for PBXProject "M7HelloObjcio" */ = {
			isa = XCConfigurationList;
			buildConfigurations = (
				992436521962B04100D16C4B /* Debug */,
				992436531962B04100D16C4B /* Release */,
			);
			defaultConfigurationIsVisible = 0;
			defaultConfigurationName = Release;
		};
		992436541962B04100D16C4B /* Build configuration list for PBXNativeTarget "M7HelloObjcio" */ = {
			isa = XCConfigurationList;
			buildConfigurations = (
				992436551962B04100D16C4B /* Debug */,
				992436561962B04100D16C4B /* Release */,
			);
			defaultConfigurationIsVisible = 0;
			defaultConfigurationName = Release;
		};
/* End XCConfigurationList section */
	};
	rootObject = 992436201962B04100D16C4B /* Project object */;
}
