// !$*UTF8*$!
{
	archiveVersion = 1;
	classes = {
	};
	objectVersion = 46;
	objects = {

/* Begin PBXBuildFile section */
		991E738119641AFD00B45F51 /* M_9_3_ViewController.m in Sources */ = {isa = PBXBuildFile; fileRef = 991E738019641AFD00B45F51 /* M_9_3_ViewController.m */; };
		991E739019642D3900B45F51 /* Localizable.strings in Resources */ = {isa = PBXBuildFile; fileRef = 991E739219642D3900B45F51 /* Localizable.strings */; };
		991E739719642F9D00B45F51 /* HelloTable.strings in Resources */ = {isa = PBXBuildFile; fileRef = 991E739919642F9D00B45F51 /* HelloTable.strings */; };
		991E739E1964F0FA00B45F51 /* M_9_2_ViewController.m in Sources */ = {isa = PBXBuildFile; fileRef = 991E739D1964F0FA00B45F51 /* M_9_2_ViewController.m */; };
		9924362C1962B04100D16C4B /* Foundation.framework in Frameworks */ = {isa = PBXBuildFile; fileRef = 9924362B1962B04100D16C4B /* Foundation.framework */; };
		9924362E1962B04100D16C4B /* CoreGraphics.framework in Frameworks */ = {isa = PBXBuildFile; fileRef = 9924362D1962B04100D16C4B /* CoreGraphics.framework */; };
		992436301962B04100D16C4B /* UIKit.framework in Frameworks */ = {isa = PBXBuildFile; fileRef = 9924362F1962B04100D16C4B /* UIKit.framework */; };
		992436361962B04100D16C4B /* InfoPlist.strings in Resources */ = {isa = PBXBuildFile; fileRef = 992436341962B04100D16C4B /* InfoPlist.strings */; };
		992436381962B04100D16C4B /* main.m in Sources */ = {isa = PBXBuildFile; fileRef = 992436371962B04100D16C4B /* main.m */; };
		9924363C1962B04100D16C4B /* AppDelegate.m in Sources */ = {isa = PBXBuildFile; fileRef = 9924363B1962B04100D16C4B /* AppDelegate.m */; };
		9924363E1962B04100D16C4B /* Images.xcassets in Resources */ = {isa = PBXBuildFile; fileRef = 9924363D1962B04100D16C4B /* Images.xcassets */; };
		9924365C1962B0EF00D16C4B /* RootViewController.m in Sources */ = {isa = PBXBuildFile; fileRef = 9924365B1962B0EF00D16C4B /* RootViewController.m */; };
		9924365F1962B1AD00D16C4B /* _tempViewController.m in Sources */ = {isa = PBXBuildFile; fileRef = 9924365E1962B1AD00D16C4B /* _tempViewController.m */; };
		992436631962B2D200D16C4B /* M_12_1_ViewController.m in Sources */ = {isa = PBXBuildFile; fileRef = 992436621962B2D200D16C4B /* M_12_1_ViewController.m */; };
		992627171967E4B60008B773 /* M_2_2_ViewController.m in Sources */ = {isa = PBXBuildFile; fileRef = 992627161967E4B60008B773 /* M_2_2_ViewController.m */; };
		9926271A1967E5280008B773 /* _MyDeprecatedAsynURLOperation.m in Sources */ = {isa = PBXBuildFile; fileRef = 992627191967E5280008B773 /* _MyDeprecatedAsynURLOperation.m */; };
		9926272D1967FF9A0008B773 /* Objcio22AsynURLOperation.m in Sources */ = {isa = PBXBuildFile; fileRef = 9926272C1967FF9A0008B773 /* Objcio22AsynURLOperation.m */; };
		99B62B39196647B6006FE61A /* M_1_4_ViewController.m in Sources */ = {isa = PBXBuildFile; fileRef = 99B62B38196647B6006FE61A /* M_1_4_ViewController.m */; };
		99B62B3C196647CC006FE61A /* M_1_4_Sub_ViewController.m in Sources */ = {isa = PBXBuildFile; fileRef = 99B62B3B196647CC006FE61A /* M_1_4_Sub_ViewController.m */; };
		99D29DA219697E74001E7DC1 /* M_7_1_ViewController.m in Sources */ = {isa = PBXBuildFile; fileRef = 99D29DA119697E74001E7DC1 /* M_7_1_ViewController.m */; };
/* End PBXBuildFile section */

/* Begin PBXFileReference section */
		991E737F19641AFD00B45F51 /* M_9_3_ViewController.h */ = {isa = PBXFileReference; fileEncoding = 4; lastKnownFileType = sourcecode.c.h; path = M_9_3_ViewController.h; sourceTree = "<group>"; };
		991E738019641AFD00B45F51 /* M_9_3_ViewController.m */ = {isa = PBXFileReference; fileEncoding = 4; lastKnownFileType = sourcecode.c.objc; path = M_9_3_ViewController.m; sourceTree = "<group>"; };
		991E738F19642CFD00B45F51 /* zh-Hans */ = {isa = PBXFileReference; lastKnownFileType = text.plist.strings; name = "zh-Hans"; path = "zh-Hans.lproj/InfoPlist.strings"; sourceTree = "<group>"; };
		991E739119642D3900B45F51 /* en */ = {isa = PBXFileReference; lastKnownFileType = text.plist.strings; name = en; path = en.lproj/Localizable.strings; sourceTree = "<group>"; };
		991E739419642D4A00B45F51 /* zh-Hans */ = {isa = PBXFileReference; lastKnownFileType = text.plist.strings; name = "zh-Hans"; path = "zh-Hans.lproj/Localizable.strings"; sourceTree = "<group>"; };
		991E739819642F9D00B45F51 /* en */ = {isa = PBXFileReference; lastKnownFileType = text.plist.strings; name = en; path = en.lproj/HelloTable.strings; sourceTree = "<group>"; };
		991E739A19642FA200B45F51 /* zh-Hans */ = {isa = PBXFileReference; lastKnownFileType = text.plist.strings; name = "zh-Hans"; path = "zh-Hans.lproj/HelloTable.strings"; sourceTree = "<group>"; };
		991E739C1964F0FA00B45F51 /* M_9_2_ViewController.h */ = {isa = PBXFileReference; fileEncoding = 4; lastKnownFileType = sourcecode.c.h; path = M_9_2_ViewController.h; sourceTree = "<group>"; };
		991E739D1964F0FA00B45F51 /* M_9_2_ViewController.m */ = {isa = PBXFileReference; fileEncoding = 4; lastKnownFileType = sourcecode.c.objc; path = M_9_2_ViewController.m; sourceTree = "<group>"; };
		992436281962B04100D16C4B /* M7HelloObjcio.app */ = {isa = PBXFileReference; explicitFileType = wrapper.application; includeInIndex = 0; path = M7HelloObjcio.app; sourceTree = BUILT_PRODUCTS_DIR; };
		9924362B1962B04100D16C4B /* Foundation.framework */ = {isa = PBXFileReference; lastKnownFileType = wrapper.framework; name = Foundation.framework; path = System/Library/Frameworks/Foundation.framework; sourceTree = SDKROOT; };
		9924362D1962B04100D16C4B /* CoreGraphics.framework */ = {isa = PBXFileReference; lastKnownFileType = wrapper.framework; name = CoreGraphics.framework; path = System/Library/Frameworks/CoreGraphics.framework; sourceTree = SDKROOT; };
		9924362F1962B04100D16C4B /* UIKit.framework */ = {isa = PBXFileReference; lastKnownFileType = wrapper.framework; name = UIKit.framework; path = System/Library/Frameworks/UIKit.framework; sourceTree = SDKROOT; };
		992436331962B04100D16C4B /* M7HelloObjcio-Info.plist */ = {isa = PBXFileReference; lastKnownFileType = text.plist.xml; path = "M7HelloObjcio-Info.plist"; sourceTree = "<group>"; };
		992436351962B04100D16C4B /* en */ = {isa = PBXFileReference; lastKnownFileType = text.plist.strings; name = en; path = en.lproj/InfoPlist.strings; sourceTree = "<group>"; };
		992436371962B04100D16C4B /* main.m */ = {isa = PBXFileReference; lastKnownFileType = sourcecode.c.objc; path = main.m; sourceTree = "<group>"; };
		992436391962B04100D16C4B /* M7HelloObjcio-Prefix.pch */ = {isa = PBXFileReference; lastKnownFileType = sourcecode.c.h; path = "M7HelloObjcio-Prefix.pch"; sourceTree = "<group>"; };
		9924363A1962B04100D16C4B /* AppDelegate.h */ = {isa = PBXFileReference; lastKnownFileType = sourcecode.c.h; path = AppDelegate.h; sourceTree = "<group>"; };
		9924363B1962B04100D16C4B /* AppDelegate.m */ = {isa = PBXFileReference; lastKnownFileType = sourcecode.c.objc; path = AppDelegate.m; sourceTree = "<group>"; };
		9924363D1962B04100D16C4B /* Images.xcassets */ = {isa = PBXFileReference; lastKnownFileType = folder.assetcatalog; path = Images.xcassets; sourceTree = "<group>"; };
		992436441962B04100D16C4B /* XCTest.framework */ = {isa = PBXFileReference; lastKnownFileType = wrapper.framework; name = XCTest.framework; path = Library/Frameworks/XCTest.framework; sourceTree = DEVELOPER_DIR; };
		9924365A1962B0EF00D16C4B /* RootViewController.h */ = {isa = PBXFileReference; fileEncoding = 4; lastKnownFileType = sourcecode.c.h; path = RootViewController.h; sourceTree = "<group>"; };
		9924365B1962B0EF00D16C4B /* RootViewController.m */ = {isa = PBXFileReference; fileEncoding = 4; lastKnownFileType = sourcecode.c.objc; path = RootViewController.m; sourceTree = "<group>"; };
		9924365D1962B1AD00D16C4B /* _tempViewController.h */ = {isa = PBXFileReference; fileEncoding = 4; lastKnownFileType = sourcecode.c.h; path = _tempViewController.h; sourceTree = "<group>"; };
		9924365E1962B1AD00D16C4B /* _tempViewController.m */ = {isa = PBXFileReference; fileEncoding = 4; lastKnownFileType = sourcecode.c.objc; path = _tempViewController.m; sourceTree = "<group>"; };
		992436611962B2D200D16C4B /* M_12_1_ViewController.h */ = {isa = PBXFileReference; fileEncoding = 4; lastKnownFileType = sourcecode.c.h; path = M_12_1_ViewController.h; sourceTree = "<group>"; };
		992436621962B2D200D16C4B /* M_12_1_ViewController.m */ = {isa = PBXFileReference; fileEncoding = 4; lastKnownFileType = sourcecode.c.objc; path = M_12_1_ViewController.m; sourceTree = "<group>"; };
		992627151967E4B60008B773 /* M_2_2_ViewController.h */ = {isa = PBXFileReference; fileEncoding = 4; lastKnownFileType = sourcecode.c.h; path = M_2_2_ViewController.h; sourceTree = "<group>"; };
		992627161967E4B60008B773 /* M_2_2_ViewController.m */ = {isa = PBXFileReference; fileEncoding = 4; lastKnownFileType = sourcecode.c.objc; path = M_2_2_ViewController.m; sourceTree = "<group>"; };
		992627181967E5280008B773 /* _MyDeprecatedAsynURLOperation.h */ = {isa = PBXFileReference; fileEncoding = 4; lastKnownFileType = sourcecode.c.h; path = _MyDeprecatedAsynURLOperation.h; sourceTree = "<group>"; };
		992627191967E5280008B773 /* _MyDeprecatedAsynURLOperation.m */ = {isa = PBXFileReference; fileEncoding = 4; lastKnownFileType = sourcecode.c.objc; path = _MyDeprecatedAsynURLOperation.m; sourceTree = "<group>"; };
		9926272B1967FF9A0008B773 /* Objcio22AsynURLOperation.h */ = {isa = PBXFileReference; fileEncoding = 4; lastKnownFileType = sourcecode.c.h; path = Objcio22AsynURLOperation.h; sourceTree = "<group>"; };
		9926272C1967FF9A0008B773 /* Objcio22AsynURLOperation.m */ = {isa = PBXFileReference; fileEncoding = 4; lastKnownFileType = sourcecode.c.objc; path = Objcio22AsynURLOperation.m; sourceTree = "<group>"; };
		99B62B37196647B6006FE61A /* M_1_4_ViewController.h */ = {isa = PBXFileReference; fileEncoding = 4; lastKnownFileType = sourcecode.c.h; path = M_1_4_ViewController.h; sourceTree = "<group>"; };
		99B62B38196647B6006FE61A /* M_1_4_ViewController.m */ = {isa = PBXFileReference; fileEncoding = 4; lastKnownFileType = sourcecode.c.objc; path = M_1_4_ViewController.m; sourceTree = "<group>"; };
		99B62B3A196647CC006FE61A /* M_1_4_Sub_ViewController.h */ = {isa = PBXFileReference; fileEncoding = 4; lastKnownFileType = sourcecode.c.h; path = M_1_4_Sub_ViewController.h; sourceTree = "<group>"; };
		99B62B3B196647CC006FE61A /* M_1_4_Sub_ViewController.m */ = {isa = PBXFileReference; fileEncoding = 4; lastKnownFileType = sourcecode.c.objc; path = M_1_4_Sub_ViewController.m; sourceTree = "<group>"; };
		99D29DA019697E74001E7DC1 /* M_7_1_ViewController.h */ = {isa = PBXFileReference; fileEncoding = 4; lastKnownFileType = sourcecode.c.h; path = M_7_1_ViewController.h; sourceTree = "<group>"; };
		99D29DA119697E74001E7DC1 /* M_7_1_ViewController.m */ = {isa = PBXFileReference; fileEncoding = 4; lastKnownFileType = sourcecode.c.objc; path = M_7_1_ViewController.m; sourceTree = "<group>"; };
/* End PBXFileReference section */

/* Begin PBXFrameworksBuildPhase section */
		992436251962B04100D16C4B /* Frameworks */ = {
			isa = PBXFrameworksBuildPhase;
			buildActionMask = 2147483647;
			files = (
				9924362E1962B04100D16C4B /* CoreGraphics.framework in Frameworks */,
				992436301962B04100D16C4B /* UIKit.framework in Frameworks */,
				9924362C1962B04100D16C4B /* Foundation.framework in Frameworks */,
			);
			runOnlyForDeploymentPostprocessing = 0;
		};
/* End PBXFrameworksBuildPhase section */

/* Begin PBXGroup section */
		991E737E19641ADC00B45F51 /* 9-3字符串本地化 */ = {
			isa = PBXGroup;
			children = (
				991E737F19641AFD00B45F51 /* M_9_3_ViewController.h */,
				991E738019641AFD00B45F51 /* M_9_3_ViewController.m */,
			);
			name = "9-3字符串本地化";
			sourceTree = "<group>";
		};
		991E738219641DCC00B45F51 /* Resources */ = {
			isa = PBXGroup;
			children = (
				991E738319641DCC00B45F51 /* images */,
				991E738C19642CAC00B45F51 /* strings */,
			);
			path = Resources;
			sourceTree = "<group>";
		};
		991E738319641DCC00B45F51 /* images */ = {
			isa = PBXGroup;
			children = (
			);
			path = images;
			sourceTree = "<group>";
		};
		991E738C19642CAC00B45F51 /* strings */ = {
			isa = PBXGroup;
			children = (
				991E739219642D3900B45F51 /* Localizable.strings */,
				991E739919642F9D00B45F51 /* HelloTable.strings */,
			);
			path = strings;
			sourceTree = "<group>";
		};
		991E739B1964F0E100B45F51 /* 9-2玩转字符串 */ = {
			isa = PBXGroup;
			children = (
				991E739C1964F0FA00B45F51 /* M_9_2_ViewController.h */,
				991E739D1964F0FA00B45F51 /* M_9_2_ViewController.m */,
			);
			name = "9-2玩转字符串";
			sourceTree = "<group>";
		};
		9924361F1962B04100D16C4B = {
			isa = PBXGroup;
			children = (
				992436311962B04100D16C4B /* M7HelloObjcio */,
				992436641962D6AF00D16C4B /* 3rdparty */,
				9924362A1962B04100D16C4B /* Frameworks */,
				992436291962B04100D16C4B /* Products */,
			);
			sourceTree = "<group>";
		};
		992436291962B04100D16C4B /* Products */ = {
			isa = PBXGroup;
			children = (
				992436281962B04100D16C4B /* M7HelloObjcio.app */,
			);
			name = Products;
			sourceTree = "<group>";
		};
		9924362A1962B04100D16C4B /* Frameworks */ = {
			isa = PBXGroup;
			children = (
				9924362B1962B04100D16C4B /* Foundation.framework */,
				9924362D1962B04100D16C4B /* CoreGraphics.framework */,
				9924362F1962B04100D16C4B /* UIKit.framework */,
				992436441962B04100D16C4B /* XCTest.framework */,
			);
			name = Frameworks;
			sourceTree = "<group>";
		};
		992436311962B04100D16C4B /* M7HelloObjcio */ = {
			isa = PBXGroup;
			children = (
				9924363A1962B04100D16C4B /* AppDelegate.h */,
				9924363B1962B04100D16C4B /* AppDelegate.m */,
				9924365A1962B0EF00D16C4B /* RootViewController.h */,
				9924365B1962B0EF00D16C4B /* RootViewController.m */,
				9924365D1962B1AD00D16C4B /* _tempViewController.h */,
				9924365E1962B1AD00D16C4B /* _tempViewController.m */,
				99B62B3619664795006FE61A /* 1-4ViewController容器 */,
				992627141967E47F0008B773 /* 2-2并发常见实践 */,
				99D29D9F19697E47001E7DC1 /* 7-1基础集合类 */,
				991E739B1964F0E100B45F51 /* 9-2玩转字符串 */,
				991E737E19641ADC00B45F51 /* 9-3字符串本地化 */,
				992436601962B29200D16C4B /* 12-1动画解释 */,
				9924363D1962B04100D16C4B /* Images.xcassets */,
				992436321962B04100D16C4B /* Supporting Files */,
				991E738219641DCC00B45F51 /* Resources */,
			);
			path = M7HelloObjcio;
			sourceTree = "<group>";
		};
		992436321962B04100D16C4B /* Supporting Files */ = {
			isa = PBXGroup;
			children = (
				992436331962B04100D16C4B /* M7HelloObjcio-Info.plist */,
				992436341962B04100D16C4B /* InfoPlist.strings */,
				992436371962B04100D16C4B /* main.m */,
				992436391962B04100D16C4B /* M7HelloObjcio-Prefix.pch */,
			);
			name = "Supporting Files";
			sourceTree = "<group>";
		};
		992436601962B29200D16C4B /* 12-1动画解释 */ = {
			isa = PBXGroup;
			children = (
				992436611962B2D200D16C4B /* M_12_1_ViewController.h */,
				992436621962B2D200D16C4B /* M_12_1_ViewController.m */,
			);
			name = "12-1动画解释";
			sourceTree = "<group>";
		};
		992436641962D6AF00D16C4B /* 3rdparty */ = {
			isa = PBXGroup;
			children = (
			);
			name = 3rdparty;
			sourceTree = "<group>";
		};
		992627141967E47F0008B773 /* 2-2并发常见实践 */ = {
			isa = PBXGroup;
			children = (
				992627151967E4B60008B773 /* M_2_2_ViewController.h */,
				992627161967E4B60008B773 /* M_2_2_ViewController.m */,
				9926272B1967FF9A0008B773 /* Objcio22AsynURLOperation.h */,
				9926272C1967FF9A0008B773 /* Objcio22AsynURLOperation.m */,
				992627181967E5280008B773 /* _MyDeprecatedAsynURLOperation.h */,
				992627191967E5280008B773 /* _MyDeprecatedAsynURLOperation.m */,
			);
			name = "2-2并发常见实践";
			sourceTree = "<group>";
		};
		99B62B3619664795006FE61A /* 1-4ViewController容器 */ = {
			isa = PBXGroup;
			children = (
				99B62B37196647B6006FE61A /* M_1_4_ViewController.h */,
				99B62B38196647B6006FE61A /* M_1_4_ViewController.m */,
				99B62B3A196647CC006FE61A /* M_1_4_Sub_ViewController.h */,
				99B62B3B196647CC006FE61A /* M_1_4_Sub_ViewController.m */,
			);
			name = "1-4ViewController容器";
			sourceTree = "<group>";
		};
		99D29D9F19697E47001E7DC1 /* 7-1基础集合类 */ = {
			isa = PBXGroup;
			children = (
				99D29DA019697E74001E7DC1 /* M_7_1_ViewController.h */,
				99D29DA119697E74001E7DC1 /* M_7_1_ViewController.m */,
			);
			name = "7-1基础集合类";
			sourceTree = "<group>";
		};
/* End PBXGroup section */

/* Begin PBXNativeTarget section */
		992436271962B04100D16C4B /* M7HelloObjcio */ = {
			isa = PBXNativeTarget;
			buildConfigurationList = 992436541962B04100D16C4B /* Build configuration list for PBXNativeTarget "M7HelloObjcio" */;
			buildPhases = (
				992436241962B04100D16C4B /* Sources */,
				992436251962B04100D16C4B /* Frameworks */,
				992436261962B04100D16C4B /* Resources */,
			);
			buildRules = (
			);
			dependencies = (
			);
			name = M7HelloObjcio;
			productName = M7HelloObjcio;
			productReference = 992436281962B04100D16C4B /* M7HelloObjcio.app */;
			productType = "com.apple.product-type.application";
		};
/* End PBXNativeTarget section */

/* Begin PBXProject section */
		992436201962B04100D16C4B /* Project object */ = {
			isa = PBXProject;
			attributes = {
				LastUpgradeCheck = 0510;
				ORGANIZATIONNAME = chenmsm2;
			};
			buildConfigurationList = 992436231962B04100D16C4B /* Build configuration list for PBXProject "M7HelloObjcio" */;
			compatibilityVersion = "Xcode 3.2";
			developmentRegion = English;
			hasScannedForEncodings = 0;
			knownRegions = (
				en,
				"zh-Hans",
			);
			mainGroup = 9924361F1962B04100D16C4B;
			productRefGroup = 992436291962B04100D16C4B /* Products */;
			projectDirPath = "";
			projectRoot = "";
			targets = (
				992436271962B04100D16C4B /* M7HelloObjcio */,
			);
		};
/* End PBXProject section */

/* Begin PBXResourcesBuildPhase section */
		992436261962B04100D16C4B /* Resources */ = {
			isa = PBXResourcesBuildPhase;
			buildActionMask = 2147483647;
			files = (
				992436361962B04100D16C4B /* InfoPlist.strings in Resources */,
				991E739019642D3900B45F51 /* Localizable.strings in Resources */,
				991E739719642F9D00B45F51 /* HelloTable.strings in Resources */,
				9924363E1962B04100D16C4B /* Images.xcassets in Resources */,
			);
			runOnlyForDeploymentPostprocessing = 0;
		};
/* End PBXResourcesBuildPhase section */

/* Begin PBXSourcesBuildPhase section */
		992436241962B04100D16C4B /* Sources */ = {
			isa = PBXSourcesBuildPhase;
			buildActionMask = 2147483647;
			files = (
				991E738119641AFD00B45F51 /* M_9_3_ViewController.m in Sources */,
				9924365F1962B1AD00D16C4B /* _tempViewController.m in Sources */,
				992627171967E4B60008B773 /* M_2_2_ViewController.m in Sources */,
				9924363C1962B04100D16C4B /* AppDelegate.m in Sources */,
				991E739E1964F0FA00B45F51 /* M_9_2_ViewController.m in Sources */,
				99D29DA219697E74001E7DC1 /* M_7_1_ViewController.m in Sources */,
				9926271A1967E5280008B773 /* _MyDeprecatedAsynURLOperation.m in Sources */,
				992436631962B2D200D16C4B /* M_12_1_ViewController.m in Sources */,
				99B62B3C196647CC006FE61A /* M_1_4_Sub_ViewController.m in Sources */,
				9926272D1967FF9A0008B773 /* Objcio22AsynURLOperation.m in Sources */,
				992436381962B04100D16C4B /* main.m in Sources */,
				9924365C1962B0EF00D16C4B /* RootViewController.m in Sources */,
				99B62B39196647B6006FE61A /* M_1_4_ViewController.m in Sources */,
			);
			runOnlyForDeploymentPostprocessing = 0;
		};
/* End PBXSourcesBuildPhase section */

/* Begin PBXVariantGroup section */
		991E739219642D3900B45F51 /* Localizable.strings */ = {
			isa = PBXVariantGroup;
			children = (
				991E739119642D3900B45F51 /* en */,
				991E739419642D4A00B45F51 /* zh-Hans */,
			);
			name = Localizable.strings;
			sourceTree = "<group>";
		};
		991E739919642F9D00B45F51 /* HelloTable.strings */ = {
			isa = PBXVariantGroup;
			children = (
				991E739819642F9D00B45F51 /* en */,
				991E739A19642FA200B45F51 /* zh-Hans */,
			);
			name = HelloTable.strings;
			sourceTree = "<group>";
		};
		992436341962B04100D16C4B /* InfoPlist.strings */ = {
			isa = PBXVariantGroup;
			children = (
				992436351962B04100D16C4B /* en */,
				991E738F19642CFD00B45F51 /* zh-Hans */,
			);
			name = InfoPlist.strings;
			sourceTree = "<group>";
		};
/* End PBXVariantGroup section */

/* Begin XCBuildConfiguration section */
		992436521962B04100D16C4B /* Debug */ = {
			isa = XCBuildConfiguration;
			buildSettings = {
				ALWAYS_SEARCH_USER_PATHS = NO;
				CLANG_CXX_LANGUAGE_STANDARD = "gnu++0x";
				CLANG_CXX_LIBRARY = "libc++";
				CLANG_ENABLE_MODULES = YES;
				CLANG_ENABLE_OBJC_ARC = YES;
				CLANG_WARN_BOOL_CONVERSION = YES;
				CLANG_WARN_CONSTANT_CONVERSION = YES;
				CLANG_WARN_DIRECT_OBJC_ISA_USAGE = YES_ERROR;
				CLANG_WARN_EMPTY_BODY = YES;
				CLANG_WARN_ENUM_CONVERSION = YES;
				CLANG_WARN_INT_CONVERSION = YES;
				CLANG_WARN_OBJC_ROOT_CLASS = YES_ERROR;
				CLANG_WARN__DUPLICATE_METHOD_MATCH = YES;
				"CODE_SIGN_IDENTITY[sdk=iphoneos*]" = "iPhone Developer";
				COPY_PHASE_STRIP = NO;
				GCC_C_LANGUAGE_STANDARD = gnu99;
				GCC_DYNAMIC_NO_PIC = NO;
				GCC_OPTIMIZATION_LEVEL = 0;
				GCC_PREPROCESSOR_DEFINITIONS = (
					"DEBUG=1",
					"$(inherited)",
				);
				GCC_SYMBOLS_PRIVATE_EXTERN = NO;
				GCC_WARN_64_TO_32_BIT_CONVERSION = YES;
				GCC_WARN_ABOUT_RETURN_TYPE = YES_ERROR;
				GCC_WARN_UNDECLARED_SELECTOR = YES;
				GCC_WARN_UNINITIALIZED_AUTOS = YES_AGGRESSIVE;
				GCC_WARN_UNUSED_FUNCTION = YES;
				GCC_WARN_UNUSED_VARIABLE = YES;
				IPHONEOS_DEPLOYMENT_TARGET = 6.0;
				ONLY_ACTIVE_ARCH = YES;
				SDKROOT = iphoneos;
				TARGETED_DEVICE_FAMILY = "1,2";
			};
			name = Debug;
		};
		992436531962B04100D16C4B /* Release */ = {
			isa = XCBuildConfiguration;
			buildSettings = {
				ALWAYS_SEARCH_USER_PATHS = NO;
				CLANG_CXX_LANGUAGE_STANDARD = "gnu++0x";
				CLANG_CXX_LIBRARY = "libc++";
				CLANG_ENABLE_MODULES = YES;
				CLANG_ENABLE_OBJC_ARC = YES;
				CLANG_WARN_BOOL_CONVERSION = YES;
				CLANG_WARN_CONSTANT_CONVERSION = YES;
				CLANG_WARN_DIRECT_OBJC_ISA_USAGE = YES_ERROR;
				CLANG_WARN_EMPTY_BODY = YES;
				CLANG_WARN_ENUM_CONVERSION = YES;
				CLANG_WARN_INT_CONVERSION = YES;
				CLANG_WARN_OBJC_ROOT_CLASS = YES_ERROR;
				CLANG_WARN__DUPLICATE_METHOD_MATCH = YES;
				"CODE_SIGN_IDENTITY[sdk=iphoneos*]" = "iPhone Developer";
				COPY_PHASE_STRIP = YES;
				ENABLE_NS_ASSERTIONS = NO;
				GCC_C_LANGUAGE_STANDARD = gnu99;
				GCC_WARN_64_TO_32_BIT_CONVERSION = YES;
				GCC_WARN_ABOUT_RETURN_TYPE = YES_ERROR;
				GCC_WARN_UNDECLARED_SELECTOR = YES;
				GCC_WARN_UNINITIALIZED_AUTOS = YES_AGGRESSIVE;
				GCC_WARN_UNUSED_FUNCTION = YES;
				GCC_WARN_UNUSED_VARIABLE = YES;
				IPHONEOS_DEPLOYMENT_TARGET = 6.0;
				SDKROOT = iphoneos;
				TARGETED_DEVICE_FAMILY = "1,2";
				VALIDATE_PRODUCT = YES;
			};
			name = Release;
		};
		992436551962B04100D16C4B /* Debug */ = {
			isa = XCBuildConfiguration;
			buildSettings = {
				ASSETCATALOG_COMPILER_APPICON_NAME = AppIcon;
				ASSETCATALOG_COMPILER_LAUNCHIMAGE_NAME = LaunchImage;
				GCC_PRECOMPILE_PREFIX_HEADER = YES;
				GCC_PREFIX_HEADER = "M7HelloObjcio/M7HelloObjcio-Prefix.pch";
				INFOPLIST_FILE = "M7HelloObjcio/M7HelloObjcio-Info.plist";
				LIBRARY_SEARCH_PATHS = (
					"$(inherited)",
					"$(PROJECT_DIR)/RBBAnimation",
				);
				PRODUCT_NAME = "$(TARGET_NAME)";
				WRAPPER_EXTENSION = app;
			};
			name = Debug;
		};
		992436561962B04100D16C4B /* Release */ = {
			isa = XCBuildConfiguration;
			buildSettings = {
				ASSETCATALOG_COMPILER_APPICON_NAME = AppIcon;
				ASSETCATALOG_COMPILER_LAUNCHIMAGE_NAME = LaunchImage;
				GCC_PRECOMPILE_PREFIX_HEADER = YES;
				GCC_PREFIX_HEADER = "M7HelloObjcio/M7HelloObjcio-Prefix.pch";
				INFOPLIST_FILE = "M7HelloObjcio/M7HelloObjcio-Info.plist";
				LIBRARY_SEARCH_PATHS = (
					"$(inherited)",
					"$(PROJECT_DIR)/RBBAnimation",
				);
				PRODUCT_NAME = "$(TARGET_NAME)";
				WRAPPER_EXTENSION = app;
			};
			name = Release;
		};
/* End XCBuildConfiguration section */

/* Begin XCConfigurationList section */
		992436231962B04100D16C4B /* Build configuration list for PBXProject "M7HelloObjcio" */ = {
			isa = XCConfigurationList;
			buildConfigurations = (
				992436521962B04100D16C4B /* Debug */,
				992436531962B04100D16C4B /* Release */,
			);
			defaultConfigurationIsVisible = 0;
			defaultConfigurationName = Release;
		};
		992436541962B04100D16C4B /* Build configuration list for PBXNativeTarget "M7HelloObjcio" */ = {
			isa = XCConfigurationList;
			buildConfigurations = (
				992436551962B04100D16C4B /* Debug */,
				992436561962B04100D16C4B /* Release */,
			);
			defaultConfigurationIsVisible = 0;
			defaultConfigurationName = Release;
		};
/* End XCConfigurationList section */
	};
	rootObject = 992436201962B04100D16C4B /* Project object */;
}
